// !$*UTF8*$!
{
	archiveVersion = 1;
	classes = {
	};
	objectVersion = 50;
	objects = {

/* Begin PBXBuildFile section */
		53233938266D16CF004B46BF /* AppDelegate.swift in Sources */ = {isa = PBXBuildFile; fileRef = 53233937266D16CF004B46BF /* AppDelegate.swift */; };
		5323393A266D16CF004B46BF /* SceneDelegate.swift in Sources */ = {isa = PBXBuildFile; fileRef = 53233939266D16CF004B46BF /* SceneDelegate.swift */; };
		5323393C266D16CF004B46BF /* ViewController.swift in Sources */ = {isa = PBXBuildFile; fileRef = 5323393B266D16CF004B46BF /* ViewController.swift */; };
		53233941266D16D0004B46BF /* Assets.xcassets in Resources */ = {isa = PBXBuildFile; fileRef = 53233940266D16D0004B46BF /* Assets.xcassets */; };
		53233944266D16D0004B46BF /* LaunchScreen.storyboard in Resources */ = {isa = PBXBuildFile; fileRef = 53233942266D16D0004B46BF /* LaunchScreen.storyboard */; };
		5361C8B4266FDFA9007AF8BF /* Main.storyboard in Resources */ = {isa = PBXBuildFile; fileRef = 5361C8B3266FDFA9007AF8BF /* Main.storyboard */; };
		5361C8B6266FE5C6007AF8BF /* QuizBrain.swift in Sources */ = {isa = PBXBuildFile; fileRef = 5361C8B5266FE5C6007AF8BF /* QuizBrain.swift */; };
		53F9EF55266E7CD0001308FB /* Question.swift in Sources */ = {isa = PBXBuildFile; fileRef = 53F9EF54266E7CD0001308FB /* Question.swift */; };
/* End PBXBuildFile section */

/* Begin PBXFileReference section */
		53233934266D16CF004B46BF /* Quizzly.app */ = {isa = PBXFileReference; explicitFileType = wrapper.application; includeInIndex = 0; path = Quizzly.app; sourceTree = BUILT_PRODUCTS_DIR; };
		53233937266D16CF004B46BF /* AppDelegate.swift */ = {isa = PBXFileReference; lastKnownFileType = sourcecode.swift; path = AppDelegate.swift; sourceTree = "<group>"; };
		53233939266D16CF004B46BF /* SceneDelegate.swift */ = {isa = PBXFileReference; lastKnownFileType = sourcecode.swift; path = SceneDelegate.swift; sourceTree = "<group>"; };
		5323393B266D16CF004B46BF /* ViewController.swift */ = {isa = PBXFileReference; lastKnownFileType = sourcecode.swift; path = ViewController.swift; sourceTree = "<group>"; };
		53233940266D16D0004B46BF /* Assets.xcassets */ = {isa = PBXFileReference; lastKnownFileType = folder.assetcatalog; path = Assets.xcassets; sourceTree = "<group>"; };
		53233943266D16D0004B46BF /* Base */ = {isa = PBXFileReference; lastKnownFileType = file.storyboard; name = Base; path = Base.lproj/LaunchScreen.storyboard; sourceTree = "<group>"; };
		53233945266D16D0004B46BF /* Info.plist */ = {isa = PBXFileReference; lastKnownFileType = text.plist.xml; path = Info.plist; sourceTree = "<group>"; };
		5361C8B3266FDFA9007AF8BF /* Main.storyboard */ = {isa = PBXFileReference; lastKnownFileType = file.storyboard; path = Main.storyboard; sourceTree = "<group>"; };
		5361C8B5266FE5C6007AF8BF /* QuizBrain.swift */ = {isa = PBXFileReference; lastKnownFileType = sourcecode.swift; path = QuizBrain.swift; sourceTree = "<group>"; };
		53F9EF54266E7CD0001308FB /* Question.swift */ = {isa = PBXFileReference; lastKnownFileType = sourcecode.swift; path = Question.swift; sourceTree = "<group>"; };
/* End PBXFileReference section */

/* Begin PBXFrameworksBuildPhase section */
		53233931266D16CF004B46BF /* Frameworks */ = {
			isa = PBXFrameworksBuildPhase;
			buildActionMask = 2147483647;
			files = (
			);
			runOnlyForDeploymentPostprocessing = 0;
		};
/* End PBXFrameworksBuildPhase section */

/* Begin PBXGroup section */
		5323392B266D16CF004B46BF = {
			isa = PBXGroup;
			children = (
				53233936266D16CF004B46BF /* Quizzly */,
			);
			sourceTree = "<group>";
		};
		53233935266D16CF004B46BF /* Products */ = {
			isa = PBXGroup;
			children = (
				53233934266D16CF004B46BF /* Quizzly.app */,
			);
			name = Products;
			path = ..;
			sourceTree = "<group>";
		};
		53233936266D16CF004B46BF /* Quizzly */ = {
			isa = PBXGroup;
			children = (
				53233937266D16CF004B46BF /* AppDelegate.swift */,
				53233939266D16CF004B46BF /* SceneDelegate.swift */,
				53F9EF56266FDACF001308FB /* Model */,
				53F9EF58266FDB15001308FB /* Controler */,
				53F9EF57266FDAEF001308FB /* View */,
				53233940266D16D0004B46BF /* Assets.xcassets */,
				53233945266D16D0004B46BF /* Info.plist */,
				53233935266D16CF004B46BF /* Products */,
			);
			path = Quizzly;
			sourceTree = "<group>";
		};
		53F9EF56266FDACF001308FB /* Model */ = {
			isa = PBXGroup;
			children = (
				53F9EF54266E7CD0001308FB /* Question.swift */,
				5361C8B5266FE5C6007AF8BF /* QuizBrain.swift */,
			);
			path = Model;
			sourceTree = "<group>";
		};
		53F9EF57266FDAEF001308FB /* View */ = {
			isa = PBXGroup;
			children = (
				53233942266D16D0004B46BF /* LaunchScreen.storyboard */,
				5361C8B3266FDFA9007AF8BF /* Main.storyboard */,
			);
			path = View;
			sourceTree = "<group>";
		};
		53F9EF58266FDB15001308FB /* Controler */ = {
			isa = PBXGroup;
			children = (
				5323393B266D16CF004B46BF /* ViewController.swift */,
			);
			path = Controler;
			sourceTree = "<group>";
		};
/* End PBXGroup section */

/* Begin PBXNativeTarget section */
		53233933266D16CF004B46BF /* Quizzly */ = {
			isa = PBXNativeTarget;
			buildConfigurationList = 53233948266D16D0004B46BF /* Build configuration list for PBXNativeTarget "Quizzly" */;
			buildPhases = (
				53233930266D16CF004B46BF /* Sources */,
				53233931266D16CF004B46BF /* Frameworks */,
				53233932266D16CF004B46BF /* Resources */,
			);
			buildRules = (
			);
			dependencies = (
			);
			name = Quizzly;
			productName = Quizzly;
			productReference = 53233934266D16CF004B46BF /* Quizzly.app */;
			productType = "com.apple.product-type.application";
		};
/* End PBXNativeTarget section */

/* Begin PBXProject section */
		5323392C266D16CF004B46BF /* Project object */ = {
			isa = PBXProject;
			attributes = {
				LastSwiftUpdateCheck = 1250;
				LastUpgradeCheck = 1250;
				TargetAttributes = {
					53233933266D16CF004B46BF = {
						CreatedOnToolsVersion = 12.5;
					};
				};
			};
			buildConfigurationList = 5323392F266D16CF004B46BF /* Build configuration list for PBXProject "Quizzly" */;
			compatibilityVersion = "Xcode 9.3";
			developmentRegion = en;
			hasScannedForEncodings = 0;
			knownRegions = (
				en,
				Base,
			);
			mainGroup = 5323392B266D16CF004B46BF;
			productRefGroup = 53233935266D16CF004B46BF /* Products */;
			projectDirPath = "";
			projectRoot = "";
			targets = (
				53233933266D16CF004B46BF /* Quizzly */,
			);
		};
/* End PBXProject section */

/* Begin PBXResourcesBuildPhase section */
		53233932266D16CF004B46BF /* Resources */ = {
			isa = PBXResourcesBuildPhase;
			buildActionMask = 2147483647;
			files = (
				5361C8B4266FDFA9007AF8BF /* Main.storyboard in Resources */,
				53233944266D16D0004B46BF /* LaunchScreen.storyboard in Resources */,
				53233941266D16D0004B46BF /* Assets.xcassets in Resources */,
			);
			runOnlyForDeploymentPostprocessing = 0;
		};
/* End PBXResourcesBuildPhase section */

/* Begin PBXSourcesBuildPhase section */
		53233930266D16CF004B46BF /* Sources */ = {
			isa = PBXSourcesBuildPhase;
			buildActionMask = 2147483647;
			files = (
				5361C8B6266FE5C6007AF8BF /* QuizBrain.swift in Sources */,
				5323393C266D16CF004B46BF /* ViewController.swift in Sources */,
				53F9EF55266E7CD0001308FB /* Question.swift in Sources */,
				53233938266D16CF004B46BF /* AppDelegate.swift in Sources */,
				5323393A266D16CF004B46BF /* SceneDelegate.swift in Sources */,
			);
			runOnlyForDeploymentPostprocessing = 0;
		};
/* End PBXSourcesBuildPhase section */

/* Begin PBXVariantGroup section */
		53233942266D16D0004B46BF /* LaunchScreen.storyboard */ = {
			isa = PBXVariantGroup;
			children = (
				53233943266D16D0004B46BF /* Base */,
			);
			name = LaunchScreen.storyboard;
			sourceTree = "<group>";
		};
/* End PBXVariantGroup section */

/* Begin XCBuildConfiguration section */
		53233946266D16D0004B46BF /* Debug */ = {
			isa = XCBuildConfiguration;
			buildSettings = {
				ALWAYS_SEARCH_USER_PATHS = NO;
				CLANG_ANALYZER_NONNULL = YES;
				CLANG_ANALYZER_NUMBER_OBJECT_CONVERSION = YES_AGGRESSIVE;
				CLANG_CXX_LANGUAGE_STANDARD = "gnu++14";
				CLANG_CXX_LIBRARY = "libc++";
				CLANG_ENABLE_MODULES = YES;
				CLANG_ENABLE_OBJC_ARC = YES;
				CLANG_ENABLE_OBJC_WEAK = YES;
				CLANG_WARN_BLOCK_CAPTURE_AUTORELEASING = YES;
				CLANG_WARN_BOOL_CONVERSION = YES;
				CLANG_WARN_COMMA = YES;
				CLANG_WARN_CONSTANT_CONVERSION = YES;
				CLANG_WARN_DEPRECATED_OBJC_IMPLEMENTATIONS = YES;
				CLANG_WARN_DIRECT_OBJC_ISA_USAGE = YES_ERROR;
				CLANG_WARN_DOCUMENTATION_COMMENTS = YES;
				CLANG_WARN_EMPTY_BODY = YES;
				CLANG_WARN_ENUM_CONVERSION = YES;
				CLANG_WARN_INFINITE_RECURSION = YES;
				CLANG_WARN_INT_CONVERSION = YES;
				CLANG_WARN_NON_LITERAL_NULL_CONVERSION = YES;
				CLANG_WARN_OBJC_IMPLICIT_RETAIN_SELF = YES;
				CLANG_WARN_OBJC_LITERAL_CONVERSION = YES;
				CLANG_WARN_OBJC_ROOT_CLASS = YES_ERROR;
				CLANG_WARN_QUOTED_INCLUDE_IN_FRAMEWORK_HEADER = YES;
				CLANG_WARN_RANGE_LOOP_ANALYSIS = YES;
				CLANG_WARN_STRICT_PROTOTYPES = YES;
				CLANG_WARN_SUSPICIOUS_MOVE = YES;
				CLANG_WARN_UNGUARDED_AVAILABILITY = YES_AGGRESSIVE;
				CLANG_WARN_UNREACHABLE_CODE = YES;
				CLANG_WARN__DUPLICATE_METHOD_MATCH = YES;
				COPY_PHASE_STRIP = NO;
				DEBUG_INFORMATION_FORMAT = dwarf;
				ENABLE_STRICT_OBJC_MSGSEND = YES;
				ENABLE_TESTABILITY = YES;
				GCC_C_LANGUAGE_STANDARD = gnu11;
				GCC_DYNAMIC_NO_PIC = NO;
				GCC_NO_COMMON_BLOCKS = YES;
				GCC_OPTIMIZATION_LEVEL = 0;
				GCC_PREPROCESSOR_DEFINITIONS = (
					"DEBUG=1",
					"$(inherited)",
				);
				GCC_WARN_64_TO_32_BIT_CONVERSION = YES;
				GCC_WARN_ABOUT_RETURN_TYPE = YES_ERROR;
				GCC_WARN_UNDECLARED_SELECTOR = YES;
				GCC_WARN_UNINITIALIZED_AUTOS = YES_AGGRESSIVE;
				GCC_WARN_UNUSED_FUNCTION = YES;
				GCC_WARN_UNUSED_VARIABLE = YES;
				IPHONEOS_DEPLOYMENT_TARGET = 14.5;
				MTL_ENABLE_DEBUG_INFO = INCLUDE_SOURCE;
				MTL_FAST_MATH = YES;
				ONLY_ACTIVE_ARCH = YES;
				SDKROOT = iphoneos;
				SWIFT_ACTIVE_COMPILATION_CONDITIONS = DEBUG;
				SWIFT_OPTIMIZATION_LEVEL = "-Onone";
			};
			name = Debug;
		};
		53233947266D16D0004B46BF /* Release */ = {
			isa = XCBuildConfiguration;
			buildSettings = {
				ALWAYS_SEARCH_USER_PATHS = NO;
				CLANG_ANALYZER_NONNULL = YES;
				CLANG_ANALYZER_NUMBER_OBJECT_CONVERSION = YES_AGGRESSIVE;
				CLANG_CXX_LANGUAGE_STANDARD = "gnu++14";
				CLANG_CXX_LIBRARY = "libc++";
				CLANG_ENABLE_MODULES = YES;
				CLANG_ENABLE_OBJC_ARC = YES;
				CLANG_ENABLE_OBJC_WEAK = YES;
				CLANG_WARN_BLOCK_CAPTURE_AUTORELEASING = YES;
				CLANG_WARN_BOOL_CONVERSION = YES;
				CLANG_WARN_COMMA = YES;
				CLANG_WARN_CONSTANT_CONVERSION = YES;
				CLANG_WARN_DEPRECATED_OBJC_IMPLEMENTATIONS = YES;
				CLANG_WARN_DIRECT_OBJC_ISA_USAGE = YES_ERROR;
				CLANG_WARN_DOCUMENTATION_COMMENTS = YES;
				CLANG_WARN_EMPTY_BODY = YES;
				CLANG_WARN_ENUM_CONVERSION = YES;
				CLANG_WARN_INFINITE_RECURSION = YES;
				CLANG_WARN_INT_CONVERSION = YES;
				CLANG_WARN_NON_LITERAL_NULL_CONVERSION = YES;
				CLANG_WARN_OBJC_IMPLICIT_RETAIN_SELF = YES;
				CLANG_WARN_OBJC_LITERAL_CONVERSION = YES;
				CLANG_WARN_OBJC_ROOT_CLASS = YES_ERROR;
				CLANG_WARN_QUOTED_INCLUDE_IN_FRAMEWORK_HEADER = YES;
				CLANG_WARN_RANGE_LOOP_ANALYSIS = YES;
				CLANG_WARN_STRICT_PROTOTYPES = YES;
				CLANG_WARN_SUSPICIOUS_MOVE = YES;
				CLANG_WARN_UNGUARDED_AVAILABILITY = YES_AGGRESSIVE;
				CLANG_WARN_UNREACHABLE_CODE = YES;
				CLANG_WARN__DUPLICATE_METHOD_MATCH = YES;
				COPY_PHASE_STRIP = NO;
				DEBUG_INFORMATION_FORMAT = "dwarf-with-dsym";
				ENABLE_NS_ASSERTIONS = NO;
				ENABLE_STRICT_OBJC_MSGSEND = YES;
				GCC_C_LANGUAGE_STANDARD = gnu11;
				GCC_NO_COMMON_BLOCKS = YES;
				GCC_WARN_64_TO_32_BIT_CONVERSION = YES;
				GCC_WARN_ABOUT_RETURN_TYPE = YES_ERROR;
				GCC_WARN_UNDECLARED_SELECTOR = YES;
				GCC_WARN_UNINITIALIZED_AUTOS = YES_AGGRESSIVE;
				GCC_WARN_UNUSED_FUNCTION = YES;
				GCC_WARN_UNUSED_VARIABLE = YES;
				IPHONEOS_DEPLOYMENT_TARGET = 14.5;
				MTL_ENABLE_DEBUG_INFO = NO;
				MTL_FAST_MATH = YES;
				SDKROOT = iphoneos;
				SWIFT_COMPILATION_MODE = wholemodule;
				SWIFT_OPTIMIZATION_LEVEL = "-O";
				VALIDATE_PRODUCT = YES;
			};
			name = Release;
		};
		53233949266D16D0004B46BF /* Debug */ = {
			isa = XCBuildConfiguration;
			buildSettings = {
				ASSETCATALOG_COMPILER_APPICON_NAME = AppIcon;
				ASSETCATALOG_COMPILER_GLOBAL_ACCENT_COLOR_NAME = AccentColor;
				CODE_SIGN_STYLE = Automatic;
				DEVELOPMENT_TEAM = R436N2958G;
				INFOPLIST_FILE = Quizzly/Info.plist;
				LD_RUNPATH_SEARCH_PATHS = (
					"$(inherited)",
					"@executable_path/Frameworks",
				);
				PRODUCT_BUNDLE_IDENTIFIER = com.eimKlimas.Quizzly;
				PRODUCT_NAME = "$(TARGET_NAME)";
				SWIFT_VERSION = 5.0;
				TARGETED_DEVICE_FAMILY = 1;
			};
			name = Debug;
		};
		5323394A266D16D0004B46BF /* Release */ = {
			isa = XCBuildConfiguration;
			buildSettings = {
				ASSETCATALOG_COMPILER_APPICON_NAME = AppIcon;
				ASSETCATALOG_COMPILER_GLOBAL_ACCENT_COLOR_NAME = AccentColor;
				CODE_SIGN_STYLE = Automatic;
				DEVELOPMENT_TEAM = R436N2958G;
				INFOPLIST_FILE = Quizzly/Info.plist;
				LD_RUNPATH_SEARCH_PATHS = (
					"$(inherited)",
					"@executable_path/Frameworks",
				);
				PRODUCT_BUNDLE_IDENTIFIER = com.eimKlimas.Quizzly;
				PRODUCT_NAME = "$(TARGET_NAME)";
				SWIFT_VERSION = 5.0;
				TARGETED_DEVICE_FAMILY = 1;
			};
			name = Release;
		};
/* End XCBuildConfiguration section */

/* Begin XCConfigurationList section */
		5323392F266D16CF004B46BF /* Build configuration list for PBXProject "Quizzly" */ = {
			isa = XCConfigurationList;
			buildConfigurations = (
				53233946266D16D0004B46BF /* Debug */,
				53233947266D16D0004B46BF /* Release */,
			);
			defaultConfigurationIsVisible = 0;
			defaultConfigurationName = Release;
		};
		53233948266D16D0004B46BF /* Build configuration list for PBXNativeTarget "Quizzly" */ = {
			isa = XCConfigurationList;
			buildConfigurations = (
				53233949266D16D0004B46BF /* Debug */,
				5323394A266D16D0004B46BF /* Release */,
			);
			defaultConfigurationIsVisible = 0;
			defaultConfigurationName = Release;
		};
/* End XCConfigurationList section */
	};
	rootObject = 5323392C266D16CF004B46BF /* Project object */;
}
